
Microsoft Visual Studio Solution File, Format Version 12.00
# Visual Studio Version 16
VisualStudioVersion = 16.0.31112.23
MinimumVisualStudioVersion = 10.0.40219.1
Project("{9A19103F-16F7-4668-BE54-9A1E7A4F7556}") = "PatientsApplicationMicroservice", "PatientsApplicationMicroservice.csproj", "{5B032374-6D4D-49AD-962F-2001B086D35A}"
EndProject
Global
	GlobalSection(SolutionConfigurationPlatforms) = preSolution
		Debug|Any CPU = Debug|Any CPU
		Release|Any CPU = Release|Any CPU
	EndGlobalSection
	GlobalSection(ProjectConfigurationPlatforms) = postSolution
		{5B032374-6D4D-49AD-962F-2001B086D35A}.Debug|Any CPU.ActiveCfg = Debug|Any CPU
		{5B032374-6D4D-49AD-962F-2001B086D35A}.Debug|Any CPU.Build.0 = Debug|Any CPU
		{5B032374-6D4D-49AD-962F-2001B086D35A}.Release|Any CPU.ActiveCfg = Release|Any CPU
		{5B032374-6D4D-49AD-962F-2001B086D35A}.Release|Any CPU.Build.0 = Release|Any CPU
		{C75C065D-3248-478E-98F6-97D3CF5D8D18}.Debug|Any CPU.ActiveCfg = Debug|Any CPU
		{C75C065D-3248-478E-98F6-97D3CF5D8D18}.Debug|Any CPU.Build.0 = Debug|Any CPU
		{C75C065D-3248-478E-98F6-97D3CF5D8D18}.Release|Any CPU.ActiveCfg = Release|Any CPU
		{C75C065D-3248-478E-98F6-97D3CF5D8D18}.Release|Any CPU.Build.0 = Release|Any CPU
	EndGlobalSection
	GlobalSection(SolutionProperties) = preSolution
		HideSolutionNode = FALSE
	EndGlobalSection
	GlobalSection(ExtensibilityGlobals) = postSolution
		SolutionGuid = {BF4EFAEB-6DE8-4908-901C-57F40EABA2B5}
	EndGlobalSection
EndGlobal
