
Microsoft Visual Studio Solution File, Format Version 12.00
# Visual Studio Version 16
VisualStudioVersion = 16.0.31129.286
MinimumVisualStudioVersion = 10.0.40219.1
Project("{FAE04EC0-301F-11D3-BF4B-00C04F79EFBC}") = "PatientWindowsApp.WindowsApplication", "PatientAppliocation.WindowsApplication\PatientWindowsApp.WindowsApplication.csproj", "{23BB461C-3C8F-490D-A86B-AA6C97DCCA64}"
EndProject
Project("{FAE04EC0-301F-11D3-BF4B-00C04F79EFBC}") = "PatientAppliocation.WindowsApplication.Logic", "PatientAppliocation.WindowsApplication.Logic\PatientAppliocation.WindowsApplication.Logic.csproj", "{7D6C9EF9-8AB7-434F-A38A-3321A7753472}"
EndProject
Project("{FAE04EC0-301F-11D3-BF4B-00C04F79EFBC}") = "UnitTests", "UnitTests\UnitTests.csproj", "{D56CCC6B-36A8-4555-90D4-3F8564B730AA}"
EndProject
Global
	GlobalSection(SolutionConfigurationPlatforms) = preSolution
		Debug|Any CPU = Debug|Any CPU
		Debug|ARM = Debug|ARM
		Debug|ARM64 = Debug|ARM64
		Debug|x64 = Debug|x64
		Debug|x86 = Debug|x86
		Release|Any CPU = Release|Any CPU
		Release|ARM = Release|ARM
		Release|ARM64 = Release|ARM64
		Release|x64 = Release|x64
		Release|x86 = Release|x86
	EndGlobalSection
	GlobalSection(ProjectConfigurationPlatforms) = postSolution
		{23BB461C-3C8F-490D-A86B-AA6C97DCCA64}.Debug|Any CPU.ActiveCfg = Debug|x86
		{23BB461C-3C8F-490D-A86B-AA6C97DCCA64}.Debug|Any CPU.Build.0 = Debug|x86
		{23BB461C-3C8F-490D-A86B-AA6C97DCCA64}.Debug|Any CPU.Deploy.0 = Debug|x86
		{23BB461C-3C8F-490D-A86B-AA6C97DCCA64}.Debug|ARM.ActiveCfg = Debug|ARM
		{23BB461C-3C8F-490D-A86B-AA6C97DCCA64}.Debug|ARM.Build.0 = Debug|ARM
		{23BB461C-3C8F-490D-A86B-AA6C97DCCA64}.Debug|ARM.Deploy.0 = Debug|ARM
		{23BB461C-3C8F-490D-A86B-AA6C97DCCA64}.Debug|ARM64.ActiveCfg = Debug|ARM64
		{23BB461C-3C8F-490D-A86B-AA6C97DCCA64}.Debug|ARM64.Build.0 = Debug|ARM64
		{23BB461C-3C8F-490D-A86B-AA6C97DCCA64}.Debug|ARM64.Deploy.0 = Debug|ARM64
		{23BB461C-3C8F-490D-A86B-AA6C97DCCA64}.Debug|x64.ActiveCfg = Debug|x64
		{23BB461C-3C8F-490D-A86B-AA6C97DCCA64}.Debug|x64.Build.0 = Debug|x64
		{23BB461C-3C8F-490D-A86B-AA6C97DCCA64}.Debug|x64.Deploy.0 = Debug|x64
		{23BB461C-3C8F-490D-A86B-AA6C97DCCA64}.Debug|x86.ActiveCfg = Debug|x86
		{23BB461C-3C8F-490D-A86B-AA6C97DCCA64}.Debug|x86.Build.0 = Debug|x86
		{23BB461C-3C8F-490D-A86B-AA6C97DCCA64}.Debug|x86.Deploy.0 = Debug|x86
		{23BB461C-3C8F-490D-A86B-AA6C97DCCA64}.Release|Any CPU.ActiveCfg = Release|x86
		{23BB461C-3C8F-490D-A86B-AA6C97DCCA64}.Release|ARM.ActiveCfg = Release|ARM
		{23BB461C-3C8F-490D-A86B-AA6C97DCCA64}.Release|ARM.Build.0 = Release|ARM
		{23BB461C-3C8F-490D-A86B-AA6C97DCCA64}.Release|ARM.Deploy.0 = Release|ARM
		{23BB461C-3C8F-490D-A86B-AA6C97DCCA64}.Release|ARM64.ActiveCfg = Release|ARM64
		{23BB461C-3C8F-490D-A86B-AA6C97DCCA64}.Release|ARM64.Build.0 = Release|ARM64
		{23BB461C-3C8F-490D-A86B-AA6C97DCCA64}.Release|ARM64.Deploy.0 = Release|ARM64
		{23BB461C-3C8F-490D-A86B-AA6C97DCCA64}.Release|x64.ActiveCfg = Release|x64
		{23BB461C-3C8F-490D-A86B-AA6C97DCCA64}.Release|x64.Build.0 = Release|x64
		{23BB461C-3C8F-490D-A86B-AA6C97DCCA64}.Release|x64.Deploy.0 = Release|x64
		{23BB461C-3C8F-490D-A86B-AA6C97DCCA64}.Release|x86.ActiveCfg = Release|x86
		{23BB461C-3C8F-490D-A86B-AA6C97DCCA64}.Release|x86.Build.0 = Release|x86
		{23BB461C-3C8F-490D-A86B-AA6C97DCCA64}.Release|x86.Deploy.0 = Release|x86
		{7D6C9EF9-8AB7-434F-A38A-3321A7753472}.Debug|Any CPU.ActiveCfg = Debug|Any CPU
		{7D6C9EF9-8AB7-434F-A38A-3321A7753472}.Debug|Any CPU.Build.0 = Debug|Any CPU
		{7D6C9EF9-8AB7-434F-A38A-3321A7753472}.Debug|ARM.ActiveCfg = Debug|Any CPU
		{7D6C9EF9-8AB7-434F-A38A-3321A7753472}.Debug|ARM.Build.0 = Debug|Any CPU
		{7D6C9EF9-8AB7-434F-A38A-3321A7753472}.Debug|ARM64.ActiveCfg = Debug|Any CPU
		{7D6C9EF9-8AB7-434F-A38A-3321A7753472}.Debug|ARM64.Build.0 = Debug|Any CPU
		{7D6C9EF9-8AB7-434F-A38A-3321A7753472}.Debug|x64.ActiveCfg = Debug|Any CPU
		{7D6C9EF9-8AB7-434F-A38A-3321A7753472}.Debug|x64.Build.0 = Debug|Any CPU
		{7D6C9EF9-8AB7-434F-A38A-3321A7753472}.Debug|x86.ActiveCfg = Debug|Any CPU
		{7D6C9EF9-8AB7-434F-A38A-3321A7753472}.Debug|x86.Build.0 = Debug|Any CPU
		{7D6C9EF9-8AB7-434F-A38A-3321A7753472}.Release|Any CPU.ActiveCfg = Release|Any CPU
		{7D6C9EF9-8AB7-434F-A38A-3321A7753472}.Release|Any CPU.Build.0 = Release|Any CPU
		{7D6C9EF9-8AB7-434F-A38A-3321A7753472}.Release|ARM.ActiveCfg = Release|Any CPU
		{7D6C9EF9-8AB7-434F-A38A-3321A7753472}.Release|ARM.Build.0 = Release|Any CPU
		{7D6C9EF9-8AB7-434F-A38A-3321A7753472}.Release|ARM64.ActiveCfg = Release|Any CPU
		{7D6C9EF9-8AB7-434F-A38A-3321A7753472}.Release|ARM64.Build.0 = Release|Any CPU
		{7D6C9EF9-8AB7-434F-A38A-3321A7753472}.Release|x64.ActiveCfg = Release|Any CPU
		{7D6C9EF9-8AB7-434F-A38A-3321A7753472}.Release|x64.Build.0 = Release|Any CPU
		{7D6C9EF9-8AB7-434F-A38A-3321A7753472}.Release|x86.ActiveCfg = Release|Any CPU
		{7D6C9EF9-8AB7-434F-A38A-3321A7753472}.Release|x86.Build.0 = Release|Any CPU
		{D56CCC6B-36A8-4555-90D4-3F8564B730AA}.Debug|Any CPU.ActiveCfg = Debug|Any CPU
		{D56CCC6B-36A8-4555-90D4-3F8564B730AA}.Debug|Any CPU.Build.0 = Debug|Any CPU
		{D56CCC6B-36A8-4555-90D4-3F8564B730AA}.Debug|ARM.ActiveCfg = Debug|Any CPU
		{D56CCC6B-36A8-4555-90D4-3F8564B730AA}.Debug|ARM.Build.0 = Debug|Any CPU
		{D56CCC6B-36A8-4555-90D4-3F8564B730AA}.Debug|ARM64.ActiveCfg = Debug|Any CPU
		{D56CCC6B-36A8-4555-90D4-3F8564B730AA}.Debug|ARM64.Build.0 = Debug|Any CPU
		{D56CCC6B-36A8-4555-90D4-3F8564B730AA}.Debug|x64.ActiveCfg = Debug|Any CPU
		{D56CCC6B-36A8-4555-90D4-3F8564B730AA}.Debug|x64.Build.0 = Debug|Any CPU
		{D56CCC6B-36A8-4555-90D4-3F8564B730AA}.Debug|x86.ActiveCfg = Debug|Any CPU
		{D56CCC6B-36A8-4555-90D4-3F8564B730AA}.Debug|x86.Build.0 = Debug|Any CPU
		{D56CCC6B-36A8-4555-90D4-3F8564B730AA}.Release|Any CPU.ActiveCfg = Release|Any CPU
		{D56CCC6B-36A8-4555-90D4-3F8564B730AA}.Release|Any CPU.Build.0 = Release|Any CPU
		{D56CCC6B-36A8-4555-90D4-3F8564B730AA}.Release|ARM.ActiveCfg = Release|Any CPU
		{D56CCC6B-36A8-4555-90D4-3F8564B730AA}.Release|ARM.Build.0 = Release|Any CPU
		{D56CCC6B-36A8-4555-90D4-3F8564B730AA}.Release|ARM64.ActiveCfg = Release|Any CPU
		{D56CCC6B-36A8-4555-90D4-3F8564B730AA}.Release|ARM64.Build.0 = Release|Any CPU
		{D56CCC6B-36A8-4555-90D4-3F8564B730AA}.Release|x64.ActiveCfg = Release|Any CPU
		{D56CCC6B-36A8-4555-90D4-3F8564B730AA}.Release|x64.Build.0 = Release|Any CPU
		{D56CCC6B-36A8-4555-90D4-3F8564B730AA}.Release|x86.ActiveCfg = Release|Any CPU
		{D56CCC6B-36A8-4555-90D4-3F8564B730AA}.Release|x86.Build.0 = Release|Any CPU
	EndGlobalSection
	GlobalSection(SolutionProperties) = preSolution
		HideSolutionNode = FALSE
	EndGlobalSection
	GlobalSection(ExtensibilityGlobals) = postSolution
		SolutionGuid = {BD8D1F60-5460-46AE-839C-79C8201FE970}
	EndGlobalSection
EndGlobal
